
Microsoft Visual Studio Solution File, Format Version 12.00
# Visual Studio 15
VisualStudioVersion = 15.0.27004.2010
MinimumVisualStudioVersion = 10.0.40219.1
Project("{FAE04EC0-301F-11D3-BF4B-00C04F79EFBC}") = "PerilImpact", "PerilImpact\PerilImpact.csproj", "{4FE06693-1A0A-4719-9A5C-26CA2685312C}"
EndProject
Global
	GlobalSection(SolutionConfigurationPlatforms) = preSolution
		Debug|Any CPU = Debug|Any CPU
		Release|Any CPU = Release|Any CPU
	EndGlobalSection
	GlobalSection(ProjectConfigurationPlatforms) = postSolution
		{4FE06693-1A0A-4719-9A5C-26CA2685312C}.Debug|Any CPU.ActiveCfg = Debug|Any CPU
		{4FE06693-1A0A-4719-9A5C-26CA2685312C}.Debug|Any CPU.Build.0 = Debug|Any CPU
		{4FE06693-1A0A-4719-9A5C-26CA2685312C}.Release|Any CPU.ActiveCfg = Release|Any CPU
		{4FE06693-1A0A-4719-9A5C-26CA2685312C}.Release|Any CPU.Build.0 = Release|Any CPU
	EndGlobalSection
	GlobalSection(SolutionProperties) = preSolution
		HideSolutionNode = FALSE
	EndGlobalSection
	GlobalSection(ExtensibilityGlobals) = postSolution
		SolutionGuid = {3B46CF8B-EE20-4681-85CB-3D18C1F951ED}
	EndGlobalSection
EndGlobal
